
Microsoft Visual Studio Solution File, Format Version 12.00
# Visual Studio Version 17
VisualStudioVersion = 17.9.34723.18
MinimumVisualStudioVersion = 10.0.40219.1
Project("{FAE04EC0-301F-11D3-BF4B-00C04F79EFBC}") = "ApiProject.Api", "ApiProject.Api\ApiProject.Api.csproj", "{B8BA10D6-8853-4CD7-9EC6-3E24698CEE0C}"
EndProject
Global
	GlobalSection(SolutionConfigurationPlatforms) = preSolution
		Debug|Any CPU = Debug|Any CPU
		Release|Any CPU = Release|Any CPU
	EndGlobalSection
	GlobalSection(ProjectConfigurationPlatforms) = postSolution
		{B8BA10D6-8853-4CD7-9EC6-3E24698CEE0C}.Debug|Any CPU.ActiveCfg = Debug|Any CPU
		{B8BA10D6-8853-4CD7-9EC6-3E24698CEE0C}.Debug|Any CPU.Build.0 = Debug|Any CPU
		{B8BA10D6-8853-4CD7-9EC6-3E24698CEE0C}.Release|Any CPU.ActiveCfg = Release|Any CPU
		{B8BA10D6-8853-4CD7-9EC6-3E24698CEE0C}.Release|Any CPU.Build.0 = Release|Any CPU
	EndGlobalSection
	GlobalSection(SolutionProperties) = preSolution
		HideSolutionNode = FALSE
	EndGlobalSection
	GlobalSection(ExtensibilityGlobals) = postSolution
		SolutionGuid = {EE330A2A-9A17-4581-A3C1-2A1ABAF2AEFA}
	EndGlobalSection
EndGlobal
